
Microsoft Visual Studio Solution File, Format Version 12.00
# Visual Studio 15
VisualStudioVersion = 15.0.28307.102
MinimumVisualStudioVersion = 10.0.40219.1
Project("{8BC9CEB8-8B4A-11D0-8D11-00A0C91BC942}") = "05.02.2019", "05.02.2019\05.02.2019.vcxproj", "{F503DFB4-5DED-4415-B910-4E8B9013B7B1}"
EndProject
Global
	GlobalSection(SolutionConfigurationPlatforms) = preSolution
		Debug|x64 = Debug|x64
		Debug|x86 = Debug|x86
		Release|x64 = Release|x64
		Release|x86 = Release|x86
	EndGlobalSection
	GlobalSection(ProjectConfigurationPlatforms) = postSolution
		{F503DFB4-5DED-4415-B910-4E8B9013B7B1}.Debug|x64.ActiveCfg = Debug|x64
		{F503DFB4-5DED-4415-B910-4E8B9013B7B1}.Debug|x64.Build.0 = Debug|x64
		{F503DFB4-5DED-4415-B910-4E8B9013B7B1}.Debug|x86.ActiveCfg = Debug|Win32
		{F503DFB4-5DED-4415-B910-4E8B9013B7B1}.Debug|x86.Build.0 = Debug|Win32
		{F503DFB4-5DED-4415-B910-4E8B9013B7B1}.Release|x64.ActiveCfg = Release|x64
		{F503DFB4-5DED-4415-B910-4E8B9013B7B1}.Release|x64.Build.0 = Release|x64
		{F503DFB4-5DED-4415-B910-4E8B9013B7B1}.Release|x86.ActiveCfg = Release|Win32
		{F503DFB4-5DED-4415-B910-4E8B9013B7B1}.Release|x86.Build.0 = Release|Win32
	EndGlobalSection
	GlobalSection(SolutionProperties) = preSolution
		HideSolutionNode = FALSE
	EndGlobalSection
	GlobalSection(ExtensibilityGlobals) = postSolution
		SolutionGuid = {627A9405-DBD7-44B2-ADAE-57E16B924564}
	EndGlobalSection
EndGlobal
